# THIS IS AN AUTOGENERATED FILE. DO NOT EDIT THIS FILE DIRECTLY.
# yarn lockfile v1


"@esbuild/win32-x64@0.19.10":
  version "0.19.10"
  resolved "https://registry.npmjs.org/@esbuild/win32-x64/-/win32-x64-0.19.10.tgz"
  integrity sha512-whqLG6Sc70AbU73fFYvuYzaE4MNMBIlR1Y/IrUeOXFrWHxBEjjbZaQ3IXIQS8wJdAzue2GwYZCjOrgrU1oUHoA==

"@inquirer/checkbox@^1.5.0":
  version "1.5.0"
  resolved "https://registry.npmjs.org/@inquirer/checkbox/-/checkbox-1.5.0.tgz"
  integrity sha512-3cKJkW1vIZAs4NaS0reFsnpAjP0azffYII4I2R7PTI7ZTMg5Y1at4vzXccOH3762b2c2L4drBhpJpf9uiaGNxA==
  dependencies:
    "@inquirer/core" "^5.1.1"
    "@inquirer/type" "^1.1.5"
    ansi-escapes "^4.3.2"
    chalk "^4.1.2"
    figures "^3.2.0"

"@inquirer/confirm@^2.0.15":
  version "2.0.15"
  resolved "https://registry.npmjs.org/@inquirer/confirm/-/confirm-2.0.15.tgz"
  integrity sha512-hj8Q/z7sQXsF0DSpLQZVDhWYGN6KLM/gNjjqGkpKwBzljbQofGjn0ueHADy4HUY+OqDHmXuwk/bY+tZyIuuB0w==
  dependencies:
    "@inquirer/core" "^5.1.1"
    "@inquirer/type" "^1.1.5"
    chalk "^4.1.2"

"@inquirer/core@^5.1.1":
  version "5.1.1"
  resolved "https://registry.npmjs.org/@inquirer/core/-/core-5.1.1.tgz"
  integrity sha512-IuJyZQUg75+L5AmopgnzxYrgcU6PJKL0hoIs332G1Gv55CnmZrhG6BzNOeZ5sOsTi1YCGOopw4rYICv74ejMFg==
  dependencies:
    "@inquirer/type" "^1.1.5"
    "@types/mute-stream" "^0.0.4"
    "@types/node" "^20.9.0"
    "@types/wrap-ansi" "^3.0.0"
    ansi-escapes "^4.3.2"
    chalk "^4.1.2"
    cli-spinners "^2.9.1"
    cli-width "^4.1.0"
    figures "^3.2.0"
    mute-stream "^1.0.0"
    run-async "^3.0.0"
    signal-exit "^4.1.0"
    strip-ansi "^6.0.1"
    wrap-ansi "^6.2.0"

"@inquirer/editor@^1.2.13":
  version "1.2.13"
  resolved "https://registry.npmjs.org/@inquirer/editor/-/editor-1.2.13.tgz"
  integrity sha512-gBxjqt0B9GLN0j6M/tkEcmcIvB2fo9Cw0f5NRqDTkYyB9AaCzj7qvgG0onQ3GVPbMyMbbP4tWYxrBOaOdKpzNA==
  dependencies:
    "@inquirer/core" "^5.1.1"
    "@inquirer/type" "^1.1.5"
    chalk "^4.1.2"
    external-editor "^3.1.0"

"@inquirer/expand@^1.1.14":
  version "1.1.14"
  resolved "https://registry.npmjs.org/@inquirer/expand/-/expand-1.1.14.tgz"
  integrity sha512-yS6fJ8jZYAsxdxuw2c8XTFMTvMR1NxZAw3LxDaFnqh7BZ++wTQ6rSp/2gGJhMacdZ85osb+tHxjVgx7F+ilv5g==
  dependencies:
    "@inquirer/core" "^5.1.1"
    "@inquirer/type" "^1.1.5"
    chalk "^4.1.2"
    figures "^3.2.0"

"@inquirer/input@^1.2.14":
  version "1.2.14"
  resolved "https://registry.npmjs.org/@inquirer/input/-/input-1.2.14.tgz"
  integrity sha512-tISLGpUKXixIQue7jypNEShrdzJoLvEvZOJ4QRsw5XTfrIYfoWFqAjMQLerGs9CzR86yAI89JR6snHmKwnNddw==
  dependencies:
    "@inquirer/core" "^5.1.1"
    "@inquirer/type" "^1.1.5"
    chalk "^4.1.2"

"@inquirer/password@^1.1.14":
  version "1.1.14"
  resolved "https://registry.npmjs.org/@inquirer/password/-/password-1.1.14.tgz"
  integrity sha512-vL2BFxfMo8EvuGuZYlryiyAB3XsgtbxOcFs4H9WI9szAS/VZCAwdVqs8rqEeaAf/GV/eZOghIOYxvD91IsRWSg==
  dependencies:
    "@inquirer/input" "^1.2.14"
    "@inquirer/type" "^1.1.5"
    ansi-escapes "^4.3.2"
    chalk "^4.1.2"

"@inquirer/prompts@^3.3.0":
  version "3.3.0"
  resolved "https://registry.npmjs.org/@inquirer/prompts/-/prompts-3.3.0.tgz"
  integrity sha512-BBCqdSnhNs+WziSIo4f/RNDu6HAj4R/Q5nMgJb5MNPFX8sJGCvj9BoALdmR0HTWXyDS7TO8euKj6W6vtqCQG7A==
  dependencies:
    "@inquirer/checkbox" "^1.5.0"
    "@inquirer/confirm" "^2.0.15"
    "@inquirer/core" "^5.1.1"
    "@inquirer/editor" "^1.2.13"
    "@inquirer/expand" "^1.1.14"
    "@inquirer/input" "^1.2.14"
    "@inquirer/password" "^1.1.14"
    "@inquirer/rawlist" "^1.2.14"
    "@inquirer/select" "^1.3.1"

"@inquirer/rawlist@^1.2.14":
  version "1.2.14"
  resolved "https://registry.npmjs.org/@inquirer/rawlist/-/rawlist-1.2.14.tgz"
  integrity sha512-xIYmDpYgfz2XGCKubSDLKEvadkIZAKbehHdWF082AyC2I4eHK44RUfXaoOAqnbqItZq4KHXS6jDJ78F2BmQvxg==
  dependencies:
    "@inquirer/core" "^5.1.1"
    "@inquirer/type" "^1.1.5"
    chalk "^4.1.2"

"@inquirer/select@^1.3.1":
  version "1.3.1"
  resolved "https://registry.npmjs.org/@inquirer/select/-/select-1.3.1.tgz"
  integrity sha512-EgOPHv7XOHEqiBwBJTyiMg9r57ySyW4oyYCumGp+pGyOaXQaLb2kTnccWI6NFd9HSi5kDJhF7YjA+3RfMQJ2JQ==
  dependencies:
    "@inquirer/core" "^5.1.1"
    "@inquirer/type" "^1.1.5"
    ansi-escapes "^4.3.2"
    chalk "^4.1.2"
    figures "^3.2.0"

"@inquirer/type@^1.1.5":
  version "1.1.5"
  resolved "https://registry.npmjs.org/@inquirer/type/-/type-1.1.5.tgz"
  integrity sha512-wmwHvHozpPo4IZkkNtbYenem/0wnfI6hvOcGKmPEa0DwuaH5XUQzFqy6OpEpjEegZMhYIk8HDYITI16BPLtrRA==

"@pdf-lib/standard-fonts@^1.0.0":
  version "1.0.0"
  resolved "https://registry.npmjs.org/@pdf-lib/standard-fonts/-/standard-fonts-1.0.0.tgz"
  integrity sha512-hU30BK9IUN/su0Mn9VdlVKsWBS6GyhVfqjwl1FjZN4TxP6cCw0jP2w7V3Hf5uX7M0AZJ16vey9yE0ny7Sa59ZA==
  dependencies:
    pako "^1.0.6"

"@pdf-lib/upng@^1.0.1":
  version "1.0.1"
  resolved "https://registry.npmjs.org/@pdf-lib/upng/-/upng-1.0.1.tgz"
  integrity sha512-dQK2FUMQtowVP00mtIksrlZhdFXQZPC+taih1q4CvPZ5vqdxR/LKBaFg0oAfzd1GlHZXXSPdQfzQnt+ViGvEIQ==
  dependencies:
    pako "^1.0.10"

"@types/mute-stream@^0.0.4":
  version "0.0.4"
  resolved "https://registry.npmjs.org/@types/mute-stream/-/mute-stream-0.0.4.tgz"
  integrity sha512-CPM9nzrCPPJHQNA9keH9CVkVI+WR5kMa+7XEs5jcGQ0VoAGnLv242w8lIVgwAEfmE4oufJRaTc9PNLQl0ioAow==
  dependencies:
    "@types/node" "*"

"@types/node@*", "@types/node@^20.9.0":
  version "20.10.5"
  resolved "https://registry.npmjs.org/@types/node/-/node-20.10.5.tgz"
  integrity sha512-nNPsNE65wjMxEKI93yOP+NPGGBJz/PoN3kZsVLee0XMiJolxSekEVD8wRwBUBqkwc7UWop0edW50yrCQW4CyRw==
  dependencies:
    undici-types "~5.26.4"

"@types/wrap-ansi@^3.0.0":
  version "3.0.0"
  resolved "https://registry.npmjs.org/@types/wrap-ansi/-/wrap-ansi-3.0.0.tgz"
  integrity sha512-ltIpx+kM7g/MLRZfkbL7EsCEjfzCcScLpkg37eXEtx5kmrAKBkTJwd1GIAjDSL8wTpM6Hzn5YO4pSb91BEwu1g==

ansi-escapes@^4.3.2:
  version "4.3.2"
  resolved "https://registry.npmjs.org/ansi-escapes/-/ansi-escapes-4.3.2.tgz"
  integrity sha512-gKXj5ALrKWQLsYG9jlTRmR/xKluxHV+Z9QEwNIgCfM1/uwPMCuzVVnh5mwTd+OuBZcwSIMbqssNWRm1lE51QaQ==
  dependencies:
    type-fest "^0.21.3"

ansi-regex@^5.0.1:
  version "5.0.1"
  resolved "https://registry.npmjs.org/ansi-regex/-/ansi-regex-5.0.1.tgz"
  integrity sha512-quJQXlTSUGL2LH9SUXo8VwsY4soanhgo6LNSm84E1LBcE8s3O0wpdiRzyR9z/ZZJMlMWv37qOOb9pdJlMUEKFQ==

ansi-styles@^4.0.0, ansi-styles@^4.1.0:
  version "4.3.0"
  resolved "https://registry.npmjs.org/ansi-styles/-/ansi-styles-4.3.0.tgz"
  integrity sha512-zbB9rCJAT1rbjiVDb2hqKFHNYLxgtk8NURxZ3IZwD3F6NtxbXZQCnnSi1Lkx+IDohdPlFp222wVALIheZJQSEg==
  dependencies:
    color-convert "^2.0.1"

chalk@^4.1.2:
  version "4.1.2"
  resolved "https://registry.npmjs.org/chalk/-/chalk-4.1.2.tgz"
  integrity sha512-oKnbhFyRIXpUuez8iBMmyEa4nbj4IOQyuhc/wy9kY7/WVPcwIO9VA668Pu8RkO7+0G76SLROeyw9CpQ061i4mA==
  dependencies:
    ansi-styles "^4.1.0"
    supports-color "^7.1.0"

chardet@^0.7.0:
  version "0.7.0"
  resolved "https://registry.npmjs.org/chardet/-/chardet-0.7.0.tgz"
  integrity sha512-mT8iDcrh03qDGRRmoA2hmBJnxpllMR+0/0qlzjqZES6NdiWDcZkCNAk4rPFZ9Q85r27unkiNNg8ZOiwZXBHwcA==

cli-progress@^3.12.0:
  version "3.12.0"
  resolved "https://registry.npmjs.org/cli-progress/-/cli-progress-3.12.0.tgz"
  integrity sha512-tRkV3HJ1ASwm19THiiLIXLO7Im7wlTuKnvkYaTkyoAPefqjNg7W7DHKUlGRxy9vxDvbyCYQkQozvptuMkGCg8A==
  dependencies:
    string-width "^4.2.3"

cli-spinners@^2.9.1:
  version "2.9.2"
  resolved "https://registry.npmjs.org/cli-spinners/-/cli-spinners-2.9.2.tgz"
  integrity sha512-ywqV+5MmyL4E7ybXgKys4DugZbX0FC6LnwrhjuykIjnK9k8OQacQ7axGKnjDXWNhns0xot3bZI5h55H8yo9cJg==

cli-width@^4.1.0:
  version "4.1.0"
  resolved "https://registry.npmjs.org/cli-width/-/cli-width-4.1.0.tgz"
  integrity sha512-ouuZd4/dm2Sw5Gmqy6bGyNNNe1qt9RpmxveLSO7KcgsTnU7RXfsw+/bukWGo1abgBiMAic068rclZsO4IWmmxQ==

color-convert@^2.0.1:
  version "2.0.1"
  resolved "https://registry.npmjs.org/color-convert/-/color-convert-2.0.1.tgz"
  integrity sha512-RRECPsj7iu/xb5oKYcsFHSppFNnsj/52OVTRKb4zP5onXwVF3zVmmToNcOfGC+CRDpfK/U584fMg38ZHCaElKQ==
  dependencies:
    color-name "~1.1.4"

color-name@~1.1.4:
  version "1.1.4"
  resolved "https://registry.npmjs.org/color-name/-/color-name-1.1.4.tgz"
  integrity sha512-dOy+3AuW3a2wNbZHIuMZpTcgjGuLU/uBL/ubcZF9OXbDo8ff4O8yVp5Bf0efS8uEoYo5q4Fx7dY9OgQGXgAsQA==

emoji-regex@^8.0.0:
  version "8.0.0"
  resolved "https://registry.npmjs.org/emoji-regex/-/emoji-regex-8.0.0.tgz"
  integrity sha512-MSjYzcWNOA0ewAHpz0MxpYFvwg6yjy1NG3xteoqz644VCo/RPgnr1/GGt+ic3iJTzQ8Eu3TdM14SawnVUmGE6A==

esbuild@^0.19.10:
  version "0.19.10"
  resolved "https://registry.npmjs.org/esbuild/-/esbuild-0.19.10.tgz"
  integrity sha512-S1Y27QGt/snkNYrRcswgRFqZjaTG5a5xM3EQo97uNBnH505pdzSNe/HLBq1v0RO7iK/ngdbhJB6mDAp0OK+iUA==
  optionalDependencies:
    "@esbuild/aix-ppc64" "0.19.10"
    "@esbuild/android-arm" "0.19.10"
    "@esbuild/android-arm64" "0.19.10"
    "@esbuild/android-x64" "0.19.10"
    "@esbuild/darwin-arm64" "0.19.10"
    "@esbuild/darwin-x64" "0.19.10"
    "@esbuild/freebsd-arm64" "0.19.10"
    "@esbuild/freebsd-x64" "0.19.10"
    "@esbuild/linux-arm" "0.19.10"
    "@esbuild/linux-arm64" "0.19.10"
    "@esbuild/linux-ia32" "0.19.10"
    "@esbuild/linux-loong64" "0.19.10"
    "@esbuild/linux-mips64el" "0.19.10"
    "@esbuild/linux-ppc64" "0.19.10"
    "@esbuild/linux-riscv64" "0.19.10"
    "@esbuild/linux-s390x" "0.19.10"
    "@esbuild/linux-x64" "0.19.10"
    "@esbuild/netbsd-x64" "0.19.10"
    "@esbuild/openbsd-x64" "0.19.10"
    "@esbuild/sunos-x64" "0.19.10"
    "@esbuild/win32-arm64" "0.19.10"
    "@esbuild/win32-ia32" "0.19.10"
    "@esbuild/win32-x64" "0.19.10"

escape-string-regexp@^1.0.5:
  version "1.0.5"
  resolved "https://registry.npmjs.org/escape-string-regexp/-/escape-string-regexp-1.0.5.tgz"
  integrity sha512-vbRorB5FUQWvla16U8R/qgaFIya2qGzwDrNmCZuYKrbdSUMG6I1ZCGQRefkRVhuOkIGVne7BQ35DSfo1qvJqFg==

external-editor@^3.1.0:
  version "3.1.0"
  resolved "https://registry.npmjs.org/external-editor/-/external-editor-3.1.0.tgz"
  integrity sha512-hMQ4CX1p1izmuLYyZqLMO/qGNw10wSv9QDCPfzXfyFrOaCSSoRfqE1Kf1s5an66J5JZC62NewG+mK49jOCtQew==
  dependencies:
    chardet "^0.7.0"
    iconv-lite "^0.4.24"
    tmp "^0.0.33"

figures@^3.2.0:
  version "3.2.0"
  resolved "https://registry.npmjs.org/figures/-/figures-3.2.0.tgz"
  integrity sha512-yaduQFRKLXYOGgEn6AZau90j3ggSOyiqXU0F9JZfeXYhNa+Jk4X+s45A2zg5jns87GAFa34BBm2kXw4XpNcbdg==
  dependencies:
    escape-string-regexp "^1.0.5"

has-flag@^4.0.0:
  version "4.0.0"
  resolved "https://registry.npmjs.org/has-flag/-/has-flag-4.0.0.tgz"
  integrity sha512-EykJT/Q1KjTWctppgIAgfSO0tKVuZUjhgMr17kqTumMl6Afv3EISleU7qZUzoXDFTAHTDC4NOoG/ZxU3EvlMPQ==

iconv-lite@^0.4.24:
  version "0.4.24"
  resolved "https://registry.npmjs.org/iconv-lite/-/iconv-lite-0.4.24.tgz"
  integrity sha512-v3MXnZAcvnywkTUEZomIActle7RXXeedOR31wwl7VlyoXO4Qi9arvSenNQWne1TcRwhCL1HwLI21bEqdpj8/rA==
  dependencies:
    safer-buffer ">= 2.1.2 < 3"

is-fullwidth-code-point@^3.0.0:
  version "3.0.0"
  resolved "https://registry.npmjs.org/is-fullwidth-code-point/-/is-fullwidth-code-point-3.0.0.tgz"
  integrity sha512-zymm5+u+sCsSWyD9qNaejV3DFvhCKclKdizYaJUuHA83RLjb7nSuGnddCHGv0hk+KY7BMAlsWeK4Ueg6EV6XQg==

mute-stream@^1.0.0:
  version "1.0.0"
  resolved "https://registry.npmjs.org/mute-stream/-/mute-stream-1.0.0.tgz"
  integrity sha512-avsJQhyd+680gKXyG/sQc0nXaC6rBkPOfyHYcFb9+hdkqQkR9bdnkJ0AMZhke0oesPqIO+mFFJ+IdBc7mst4IA==

os-tmpdir@~1.0.2:
  version "1.0.2"
  resolved "https://registry.npmjs.org/os-tmpdir/-/os-tmpdir-1.0.2.tgz"
  integrity sha512-D2FR03Vir7FIu45XBY20mTb+/ZSWB00sjU9jdQXt83gDrI4Ztz5Fs7/yy74g2N5SVQY4xY1qDr4rNddwYRVX0g==

pako@^1.0.10, pako@^1.0.11, pako@^1.0.6:
  version "1.0.11"
  resolved "https://registry.npmjs.org/pako/-/pako-1.0.11.tgz"
  integrity sha512-4hLB8Py4zZce5s4yd9XzopqwVv/yGNhV1Bl8NTmCq1763HeK2+EwVTv+leGeL13Dnh2wfbqowVPXCIO0z4taYw==

pdf-lib@^1.17.1:
  version "1.17.1"
  resolved "https://registry.npmjs.org/pdf-lib/-/pdf-lib-1.17.1.tgz"
  integrity sha512-V/mpyJAoTsN4cnP31vc0wfNA1+p20evqqnap0KLoRUN0Yk/p3wN52DOEsL4oBFcLdb76hlpKPtzJIgo67j/XLw==
  dependencies:
    "@pdf-lib/standard-fonts" "^1.0.0"
    "@pdf-lib/upng" "^1.0.1"
    pako "^1.0.11"
    tslib "^1.11.1"

pdf-to-printer@^5.6.0:
  version "5.6.0"
  resolved "https://registry.npmjs.org/pdf-to-printer/-/pdf-to-printer-5.6.0.tgz"
  integrity sha512-yPZoLWFjbjnHoYNVLU8fyoVA5wPMmT6U4+W/ip+sTDZdt5hwcVuQSVe96rrqRB0kEaKznNcLU7BXSo42R7AHVQ==

run-async@^3.0.0:
  version "3.0.0"
  resolved "https://registry.npmjs.org/run-async/-/run-async-3.0.0.tgz"
  integrity sha512-540WwVDOMxA6dN6We19EcT9sc3hkXPw5mzRNGM3FkdN/vtE9NFvj5lFAPNwUDmJjXidm3v7TC1cTE7t17Ulm1Q==

"safer-buffer@>= 2.1.2 < 3":
  version "2.1.2"
  resolved "https://registry.npmjs.org/safer-buffer/-/safer-buffer-2.1.2.tgz"
  integrity sha512-YZo3K82SD7Riyi0E1EQPojLz7kpepnSQI9IyPbHHg1XXXevb5dJI7tpyN2ADxGcQbHG7vcyRHk0cbwqcQriUtg==

signal-exit@^4.1.0:
  version "4.1.0"
  resolved "https://registry.npmjs.org/signal-exit/-/signal-exit-4.1.0.tgz"
  integrity sha512-bzyZ1e88w9O1iNJbKnOlvYTrWPDl46O1bG0D3XInv+9tkPrxrN8jUUTiFlDkkmKWgn1M6CfIA13SuGqOa9Korw==

string-width@^4.1.0, string-width@^4.2.3:
  version "4.2.3"
  resolved "https://registry.npmjs.org/string-width/-/string-width-4.2.3.tgz"
  integrity sha512-wKyQRQpjJ0sIp62ErSZdGsjMJWsap5oRNihHhu6G7JVO/9jIB6UyevL+tXuOqrng8j/cxKTWyWUwvSTriiZz/g==
  dependencies:
    emoji-regex "^8.0.0"
    is-fullwidth-code-point "^3.0.0"
    strip-ansi "^6.0.1"

strip-ansi@^6.0.0, strip-ansi@^6.0.1:
  version "6.0.1"
  resolved "https://registry.npmjs.org/strip-ansi/-/strip-ansi-6.0.1.tgz"
  integrity sha512-Y38VPSHcqkFrCpFnQ9vuSXmquuv5oXOKpGeT6aGrr3o3Gc9AlVa6JBfUSOCnbxGGZF+/0ooI7KrPuUSztUdU5A==
  dependencies:
    ansi-regex "^5.0.1"

supports-color@^7.1.0:
  version "7.2.0"
  resolved "https://registry.npmjs.org/supports-color/-/supports-color-7.2.0.tgz"
  integrity sha512-qpCAvRl9stuOHveKsn7HncJRvv501qIacKzQlO/+Lwxc9+0q2wLyv4Dfvt80/DPn2pqOBsJdDiogXGR9+OvwRw==
  dependencies:
    has-flag "^4.0.0"

tmp@^0.0.33:
  version "0.0.33"
  resolved "https://registry.npmjs.org/tmp/-/tmp-0.0.33.tgz"
  integrity sha512-jRCJlojKnZ3addtTOjdIqoRuPEKBvNXcGYqzO6zWZX8KfKEpnGY5jfggJQ3EjKuu8D4bJRr0y+cYJFmYbImXGw==
  dependencies:
    os-tmpdir "~1.0.2"

tslib@^1.11.1:
  version "1.14.1"
  resolved "https://registry.npmjs.org/tslib/-/tslib-1.14.1.tgz"
  integrity sha512-Xni35NKzjgMrwevysHTCArtLDpPvye8zV/0E4EyYn43P7/7qvQwPh9BGkHewbMulVntbigmcT7rdX3BNo9wRJg==

type-fest@^0.21.3:
  version "0.21.3"
  resolved "https://registry.npmjs.org/type-fest/-/type-fest-0.21.3.tgz"
  integrity sha512-t0rzBq87m3fVcduHDUFhKmyyX+9eo6WQjZvf51Ea/M0Q7+T374Jp1aUiyUl0GKxp8M/OETVHSDvmkyPgvX+X2w==

undici-types@~5.26.4:
  version "5.26.5"
  resolved "https://registry.npmjs.org/undici-types/-/undici-types-5.26.5.tgz"
  integrity sha512-JlCMO+ehdEIKqlFxk6IfVoAUVmgz7cU7zD/h9XZ0qzeosSHmUJVOzSQvvYSYWXkFXC+IfLKSIffhv0sVZup6pA==

wrap-ansi@^6.2.0:
  version "6.2.0"
  resolved "https://registry.npmjs.org/wrap-ansi/-/wrap-ansi-6.2.0.tgz"
  integrity sha512-r6lPcBGxZXlIcymEu7InxDMhdW0KDxpLgoFLcguasxCaJ/SOIZwINatK9KY/tf+ZrlywOKU0UDj3ATXUBfxJXA==
  dependencies:
    ansi-styles "^4.0.0"
    string-width "^4.1.0"
    strip-ansi "^6.0.0"
